
Microsoft Visual Studio Solution File, Format Version 12.00
# Visual Studio 2012
Project("{F14B399A-7131-4C87-9E4B-1186C45EF12D}") = "TestProject1", "TestProject1\TestProject1.rptproj", "{C585A3E2-1B42-43BE-BF2F-FF2DC7DD92F1}"
EndProject
Project("{FAE04EC0-301F-11D3-BF4B-00C04F79EFBC}") = "WindowsFormsApplication1", "WindowsFormsApplication1\WindowsFormsApplication1.csproj", "{E3A33659-1E81-4CD2-91CB-35BF9D92B931}"
EndProject
Project("{F14B399A-7131-4C87-9E4B-1186C45EF12D}") = "DenaReports", "DenaReports\DenaReports.rptproj", "{FAA0A800-C748-4CD2-810A-F60F0B744991}"
EndProject
Project("{F14B399A-7131-4C87-9E4B-1186C45EF12D}") = "UCOLegalPlus", "UCOLegalPlus\UCOLegalPlus.rptproj", "{48C8A862-14A8-460D-8407-B0112781789D}"
EndProject
Global
	GlobalSection(SolutionConfigurationPlatforms) = preSolution
		Debug|Any CPU = Debug|Any CPU
		DebugLocal|Any CPU = DebugLocal|Any CPU
		Release|Any CPU = Release|Any CPU
	EndGlobalSection
	GlobalSection(ProjectConfigurationPlatforms) = postSolution
		{C585A3E2-1B42-43BE-BF2F-FF2DC7DD92F1}.Debug|Any CPU.ActiveCfg = Debug
		{C585A3E2-1B42-43BE-BF2F-FF2DC7DD92F1}.Debug|Any CPU.Build.0 = Debug
		{C585A3E2-1B42-43BE-BF2F-FF2DC7DD92F1}.Debug|Any CPU.Deploy.0 = Debug
		{C585A3E2-1B42-43BE-BF2F-FF2DC7DD92F1}.DebugLocal|Any CPU.ActiveCfg = DebugLocal
		{C585A3E2-1B42-43BE-BF2F-FF2DC7DD92F1}.DebugLocal|Any CPU.Build.0 = DebugLocal
		{C585A3E2-1B42-43BE-BF2F-FF2DC7DD92F1}.DebugLocal|Any CPU.Deploy.0 = DebugLocal
		{C585A3E2-1B42-43BE-BF2F-FF2DC7DD92F1}.Release|Any CPU.ActiveCfg = Release
		{C585A3E2-1B42-43BE-BF2F-FF2DC7DD92F1}.Release|Any CPU.Build.0 = Release
		{C585A3E2-1B42-43BE-BF2F-FF2DC7DD92F1}.Release|Any CPU.Deploy.0 = Release
		{E3A33659-1E81-4CD2-91CB-35BF9D92B931}.Debug|Any CPU.ActiveCfg = Debug|Any CPU
		{E3A33659-1E81-4CD2-91CB-35BF9D92B931}.Debug|Any CPU.Build.0 = Debug|Any CPU
		{E3A33659-1E81-4CD2-91CB-35BF9D92B931}.DebugLocal|Any CPU.ActiveCfg = Debug|Any CPU
		{E3A33659-1E81-4CD2-91CB-35BF9D92B931}.DebugLocal|Any CPU.Build.0 = Debug|Any CPU
		{E3A33659-1E81-4CD2-91CB-35BF9D92B931}.Release|Any CPU.ActiveCfg = Release|Any CPU
		{E3A33659-1E81-4CD2-91CB-35BF9D92B931}.Release|Any CPU.Build.0 = Release|Any CPU
		{FAA0A800-C748-4CD2-810A-F60F0B744991}.Debug|Any CPU.ActiveCfg = Debug
		{FAA0A800-C748-4CD2-810A-F60F0B744991}.Debug|Any CPU.Build.0 = Debug
		{FAA0A800-C748-4CD2-810A-F60F0B744991}.Debug|Any CPU.Deploy.0 = Debug
		{FAA0A800-C748-4CD2-810A-F60F0B744991}.DebugLocal|Any CPU.ActiveCfg = DebugLocal
		{FAA0A800-C748-4CD2-810A-F60F0B744991}.DebugLocal|Any CPU.Build.0 = DebugLocal
		{FAA0A800-C748-4CD2-810A-F60F0B744991}.Release|Any CPU.ActiveCfg = Release
		{FAA0A800-C748-4CD2-810A-F60F0B744991}.Release|Any CPU.Build.0 = Release
		{FAA0A800-C748-4CD2-810A-F60F0B744991}.Release|Any CPU.Deploy.0 = Release
		{48C8A862-14A8-460D-8407-B0112781789D}.Debug|Any CPU.ActiveCfg = Debug
		{48C8A862-14A8-460D-8407-B0112781789D}.Debug|Any CPU.Build.0 = Debug
		{48C8A862-14A8-460D-8407-B0112781789D}.Debug|Any CPU.Deploy.0 = Debug
		{48C8A862-14A8-460D-8407-B0112781789D}.DebugLocal|Any CPU.ActiveCfg = DebugLocal
		{48C8A862-14A8-460D-8407-B0112781789D}.DebugLocal|Any CPU.Build.0 = DebugLocal
		{48C8A862-14A8-460D-8407-B0112781789D}.Release|Any CPU.ActiveCfg = Release
		{48C8A862-14A8-460D-8407-B0112781789D}.Release|Any CPU.Build.0 = Release
		{48C8A862-14A8-460D-8407-B0112781789D}.Release|Any CPU.Deploy.0 = Release
	EndGlobalSection
	GlobalSection(SolutionProperties) = preSolution
		HideSolutionNode = FALSE
	EndGlobalSection
EndGlobal
